{
  "name": "opencode",
  "lockfileVersion": 3,
  "requires": true,
  "packages": {
    "": {
      "dependencies": {
        "opencode-ai": "^1.3.13"
      }
    },
    "node_modules/opencode-ai": {
      "version": "1.3.13",
      "resolved": "https://registry.npmjs.org/opencode-ai/-/opencode-ai-1.3.13.tgz",
      "integrity": "sha512-+FmXiAwCiSNYFkWEBsRWKMpDAGR2KuViVelIH9i3w5s2lltjw84Q4IQybDqzOzwTN/H4g9UgQuf5QzDqsZ1xNw==",
      "hasInstallScript": true,
      "license": "MIT",
      "bin": {
        "opencode": "bin/opencode"
      },
      "optionalDependencies": {
        "opencode-darwin-arm64": "1.3.13",
        "opencode-darwin-x64": "1.3.13",
        "opencode-darwin-x64-baseline": "1.3.13",
        "opencode-linux-arm64": "1.3.13",
        "opencode-linux-arm64-musl": "1.3.13",
        "opencode-linux-x64": "1.3.13",
        "opencode-linux-x64-baseline": "1.3.13",
        "opencode-linux-x64-baseline-musl": "1.3.13",
        "opencode-linux-x64-musl": "1.3.13",
        "opencode-windows-arm64": "1.3.13",
        "opencode-windows-x64": "1.3.13",
        "opencode-windows-x64-baseline": "1.3.13"
      }
    },
    "node_modules/opencode-darwin-arm64": {
      "version": "1.3.13",
      "resolved": "https://registry.npmjs.org/opencode-darwin-arm64/-/opencode-darwin-arm64-1.3.13.tgz",
      "integrity": "sha512-pZv7qhuMFhtv+pksKXmX2IhlK2QHOQkoJQHByzCEhvDq9JVxIduwB9ADepNJDfcY7tXePrSJCLxIYKFzVjVOzA==",
      "cpu": [
        "arm64"
      ],
      "optional": true,
      "os": [
        "darwin"
      ]
    },
    "node_modules/opencode-darwin-x64": {
      "version": "1.3.13",
      "resolved": "https://registry.npmjs.org/opencode-darwin-x64/-/opencode-darwin-x64-1.3.13.tgz",
      "integrity": "sha512-BSBSaHwLY8REwW4hVOm9hsihJBJMN559FE0+01I1nwrAg5OM7bPCoDL/PK+xnGkWe6wpbjL7x1hju3BPx3Dk+g==",
      "cpu": [
        "x64"
      ],
      "optional": true,
      "os": [
        "darwin"
      ]
    },
    "node_modules/opencode-darwin-x64-baseline": {
      "version": "1.3.13",
      "resolved": "https://registry.npmjs.org/opencode-darwin-x64-baseline/-/opencode-darwin-x64-baseline-1.3.13.tgz",
      "integrity": "sha512-KYAAodKxVoE+MQvl1de8WXfmy0gQtsDLS1XGmro608nlQOheVMOBZfWJbRi51rcjL4cDoF0/k4CQ35uluxsciw==",
      "cpu": [
        "x64"
      ],
      "optional": true,
      "os": [
        "darwin"
      ]
    },
    "node_modules/opencode-linux-arm64": {
      "version": "1.3.13",
      "resolved": "https://registry.npmjs.org/opencode-linux-arm64/-/opencode-linux-arm64-1.3.13.tgz",
      "integrity": "sha512-FalygguOjawwNkZOyyERKsZHC9kU5O05Nf0X9iNCNdeNIYD8oktqB1GfDymedKVLSM3s1wLiY2K2AadwnivRGQ==",
      "cpu": [
        "arm64"
      ],
      "optional": true,
      "os": [
        "linux"
      ]
    },
    "node_modules/opencode-linux-arm64-musl": {
      "version": "1.3.13",
      "resolved": "https://registry.npmjs.org/opencode-linux-arm64-musl/-/opencode-linux-arm64-musl-1.3.13.tgz",
      "integrity": "sha512-prJuZc93GcYxeWs/uz1BuoYGZSQEswJmKoh9nWh55QmCXf+Lb/x1vp2CdtiGzxpb7mj+NJ4QfVOa9Fc0UZMj0Q==",
      "cpu": [
        "arm64"
      ],
      "optional": true,
      "os": [
        "linux"
      ]
    },
    "node_modules/opencode-linux-x64": {
      "version": "1.3.13",
      "resolved": "https://registry.npmjs.org/opencode-linux-x64/-/opencode-linux-x64-1.3.13.tgz",
      "integrity": "sha512-zL+gG/TnevdTgbc6z3RwYXIpaodmdt2IqHF+CAQuf8Ayzx1LF0SvkkiclIEz12kdjlfttjNOxuRFWCJLzQIJIw==",
      "cpu": [
        "x64"
      ],
      "optional": true,
      "os": [
        "linux"
      ]
    },
    "node_modules/opencode-linux-x64-baseline": {
      "version": "1.3.13",
      "resolved": "https://registry.npmjs.org/opencode-linux-x64-baseline/-/opencode-linux-x64-baseline-1.3.13.tgz",
      "integrity": "sha512-0F6biOgk9u889ZvckOnrHpSz9b29vqR/kcL1LxQ1t41Erq89uYcNh/RbNJcTJkYPsG30+yu8hHg+eQWvFjxvyw==",
      "cpu": [
        "x64"
      ],
      "optional": true,
      "os": [
        "linux"
      ]
    },
    "node_modules/opencode-linux-x64-baseline-musl": {
      "version": "1.3.13",
      "resolved": "https://registry.npmjs.org/opencode-linux-x64-baseline-musl/-/opencode-linux-x64-baseline-musl-1.3.13.tgz",
      "integrity": "sha512-vxKW4tPQH3WKf4eoyNw4bzf503IvfxZ+94PXbvD0TK49Qhkab/W7ibigtTJ/WyC1JllBz7W3RQS6odstgXqUVA==",
      "cpu": [
        "x64"
      ],
      "optional": true,
      "os": [
        "linux"
      ]
    },
    "node_modules/opencode-linux-x64-musl": {
      "version": "1.3.13",
      "resolved": "https://registry.npmjs.org/opencode-linux-x64-musl/-/opencode-linux-x64-musl-1.3.13.tgz",
      "integrity": "sha512-jk+YSEYje0JfV7xapUX02zkF1N8fHfuH0O9di5S/VP4L4zLHO8uWrEj/4LxiwPWwdUgSATP9pf8WMx/Shn5dZQ==",
      "cpu": [
        "x64"
      ],
      "optional": true,
      "os": [
        "linux"
      ]
    },
    "node_modules/opencode-windows-arm64": {
      "version": "1.3.13",
      "resolved": "https://registry.npmjs.org/opencode-windows-arm64/-/opencode-windows-arm64-1.3.13.tgz",
      "integrity": "sha512-FMDHGS0PQ/rFFEpJccn5jxxk+xwB8uU4iWHNaVCDnw7HtB9qxE2wq7cIkMnrBr3NzeCV4P9O4edbhiSwt7cZsQ==",
      "cpu": [
        "arm64"
      ],
      "optional": true,
      "os": [
        "win32"
      ]
    },
    "node_modules/opencode-windows-x64": {
      "version": "1.3.13",
      "resolved": "https://registry.npmjs.org/opencode-windows-x64/-/opencode-windows-x64-1.3.13.tgz",
      "integrity": "sha512-URW1iowKefYTzxKEyD3Kq03HjqVRlwPHAAFiB7qzA17AcWCZFppp+rhOlKz25oxXjugJj53YGd63Shlrjc/oUg==",
      "cpu": [
        "x64"
      ],
      "optional": true,
      "os": [
        "win32"
      ]
    },
    "node_modules/opencode-windows-x64-baseline": {
      "version": "1.3.13",
      "resolved": "https://registry.npmjs.org/opencode-windows-x64-baseline/-/opencode-windows-x64-baseline-1.3.13.tgz",
      "integrity": "sha512-6bUttlnruIcTE+iU2MWR5kNtMOa6PIgXx5cyPNCvbbNUzdgo8AB2BWubB7IFn4DG2hy8UxFCW0ICjRv8ic5Tbw==",
      "cpu": [
        "x64"
      ],
      "optional": true,
      "os": [
        "win32"
      ]
    }
  }
}
