{
  "name": "opencode",
  "lockfileVersion": 3,
  "requires": true,
  "packages": {
    "": {
      "dependencies": {
        "opencode-ai": "^1.15.5"
      }
    },
    "node_modules/opencode-ai": {
      "version": "1.15.5",
      "resolved": "https://registry.npmjs.org/opencode-ai/-/opencode-ai-1.15.5.tgz",
      "integrity": "sha512-ud/0sYo9h2BJALwLudRrzs551YJoi+rHo66jEsSLdOBv5RJxmN64aqqGaafhWxvgtaHyEOqfKnZPyx9GVKl/UA==",
      "cpu": [
        "arm64",
        "x64"
      ],
      "hasInstallScript": true,
      "license": "MIT",
      "os": [
        "darwin",
        "linux",
        "win32"
      ],
      "bin": {
        "opencode": "bin/opencode.exe"
      },
      "optionalDependencies": {
        "opencode-darwin-arm64": "1.15.5",
        "opencode-darwin-x64": "1.15.5",
        "opencode-darwin-x64-baseline": "1.15.5",
        "opencode-linux-arm64": "1.15.5",
        "opencode-linux-arm64-musl": "1.15.5",
        "opencode-linux-x64": "1.15.5",
        "opencode-linux-x64-baseline": "1.15.5",
        "opencode-linux-x64-baseline-musl": "1.15.5",
        "opencode-linux-x64-musl": "1.15.5",
        "opencode-windows-arm64": "1.15.5",
        "opencode-windows-x64": "1.15.5",
        "opencode-windows-x64-baseline": "1.15.5"
      }
    },
    "node_modules/opencode-darwin-arm64": {
      "version": "1.15.5",
      "resolved": "https://registry.npmjs.org/opencode-darwin-arm64/-/opencode-darwin-arm64-1.15.5.tgz",
      "integrity": "sha512-gv8o3WbbW33SbmJvx/enDuZewlIoWfduSFo8M/WqlRwwO//33Rs3bgSnY21a6DYtXFL7NFzXO7QOmbPY5y02Jg==",
      "cpu": [
        "arm64"
      ],
      "optional": true,
      "os": [
        "darwin"
      ]
    },
    "node_modules/opencode-darwin-x64": {
      "version": "1.15.5",
      "resolved": "https://registry.npmjs.org/opencode-darwin-x64/-/opencode-darwin-x64-1.15.5.tgz",
      "integrity": "sha512-yuglSeJbTF4jRHmFgqteQUMCRLjVOQ1aqMaeevDNyJXOUZPWCdFG1h8Fq8dZBgBfPfBEpQNFEWv8D9DU3ycytg==",
      "cpu": [
        "x64"
      ],
      "optional": true,
      "os": [
        "darwin"
      ]
    },
    "node_modules/opencode-darwin-x64-baseline": {
      "version": "1.15.5",
      "resolved": "https://registry.npmjs.org/opencode-darwin-x64-baseline/-/opencode-darwin-x64-baseline-1.15.5.tgz",
      "integrity": "sha512-ROtf2AO2jXcH95280hJoVF+84kB7IGYrUb7WPG4jKYescf5a6CTq28Pr+l5csM0iBXHFR21qGS8ezZegI5K70A==",
      "cpu": [
        "x64"
      ],
      "optional": true,
      "os": [
        "darwin"
      ]
    },
    "node_modules/opencode-linux-arm64": {
      "version": "1.15.5",
      "resolved": "https://registry.npmjs.org/opencode-linux-arm64/-/opencode-linux-arm64-1.15.5.tgz",
      "integrity": "sha512-y2K5gT0IPWXx5DSy9hw+h0vSTahbdEV8spK/oZ4iwCY/Px/wdVpk5IphgkHcEes/9fIR1oLmu0/HF/SHhWRMxw==",
      "cpu": [
        "arm64"
      ],
      "optional": true,
      "os": [
        "linux"
      ]
    },
    "node_modules/opencode-linux-arm64-musl": {
      "version": "1.15.5",
      "resolved": "https://registry.npmjs.org/opencode-linux-arm64-musl/-/opencode-linux-arm64-musl-1.15.5.tgz",
      "integrity": "sha512-oBu8lSERTw6yX0umyBGzCiS9FLVpWnaHAwk7WFvN7FY9LsTEh4NfgiMdKBVtPmn14RwaWK8AHtjueJ2UvIMzlw==",
      "cpu": [
        "arm64"
      ],
      "optional": true,
      "os": [
        "linux"
      ]
    },
    "node_modules/opencode-linux-x64": {
      "version": "1.15.5",
      "resolved": "https://registry.npmjs.org/opencode-linux-x64/-/opencode-linux-x64-1.15.5.tgz",
      "integrity": "sha512-Y3arLZezt8a6Ed2fdwrD21+JSQeNCZmfqHqYCv5iMzcpkE8/a8TLkDQVre74zjA7Gxelyk2sjk4b6ZKMuWHIkw==",
      "cpu": [
        "x64"
      ],
      "optional": true,
      "os": [
        "linux"
      ]
    },
    "node_modules/opencode-linux-x64-baseline": {
      "version": "1.15.5",
      "resolved": "https://registry.npmjs.org/opencode-linux-x64-baseline/-/opencode-linux-x64-baseline-1.15.5.tgz",
      "integrity": "sha512-WgyIU/uAYxE4kTOWWmiaJ07hT8wLmlNMG0l9EjpeW70G8USn8EfCVZStGsKnOIMdb2KAX+b6phnC1ihROcDCvw==",
      "cpu": [
        "x64"
      ],
      "optional": true,
      "os": [
        "linux"
      ]
    },
    "node_modules/opencode-linux-x64-baseline-musl": {
      "version": "1.15.5",
      "resolved": "https://registry.npmjs.org/opencode-linux-x64-baseline-musl/-/opencode-linux-x64-baseline-musl-1.15.5.tgz",
      "integrity": "sha512-EZ3sela0UkWV+jwE2gi7I89hhHFRUigUN36md1k3G45zM5epsrLnJYFbSk8bnMFfy5t32AsLufOw5dnlkfsYTw==",
      "cpu": [
        "x64"
      ],
      "optional": true,
      "os": [
        "linux"
      ]
    },
    "node_modules/opencode-linux-x64-musl": {
      "version": "1.15.5",
      "resolved": "https://registry.npmjs.org/opencode-linux-x64-musl/-/opencode-linux-x64-musl-1.15.5.tgz",
      "integrity": "sha512-+RJ4AKfozICakQAOGRjaYob+uWiXI8owbsMq3KoIyHKpZsDTtQ3lvs22nVcq8cBPMJMdFbgWwHt9k9kVYBJ+jA==",
      "cpu": [
        "x64"
      ],
      "optional": true,
      "os": [
        "linux"
      ]
    },
    "node_modules/opencode-windows-arm64": {
      "version": "1.15.5",
      "resolved": "https://registry.npmjs.org/opencode-windows-arm64/-/opencode-windows-arm64-1.15.5.tgz",
      "integrity": "sha512-uFtZyOYzV8nChWDy2IC0PnLFxj2MVfDRfJBr3CMqDnrlUS+B3DYwHkiCsbCsS/pHXpl/QbfpkAq+LSZp7mzgIQ==",
      "cpu": [
        "arm64"
      ],
      "optional": true,
      "os": [
        "win32"
      ]
    },
    "node_modules/opencode-windows-x64": {
      "version": "1.15.5",
      "resolved": "https://registry.npmjs.org/opencode-windows-x64/-/opencode-windows-x64-1.15.5.tgz",
      "integrity": "sha512-gOtx2ap7UOJFohM1lkbkuRcXJ6MVyPX9XE5umkItAET6wcxkncqr3lcV4SqN2dU7xfqISJS6mNKEQbO7H3xyjQ==",
      "cpu": [
        "x64"
      ],
      "optional": true,
      "os": [
        "win32"
      ]
    },
    "node_modules/opencode-windows-x64-baseline": {
      "version": "1.15.5",
      "resolved": "https://registry.npmjs.org/opencode-windows-x64-baseline/-/opencode-windows-x64-baseline-1.15.5.tgz",
      "integrity": "sha512-6oIoyY+ZSwsTsG2tekTZ67DKLsdRrywLECZWrJW/5Lj5aaibAc0uaQxIvNXKHbpznUU/Iaz+tgQ9D6o0OISIXg==",
      "cpu": [
        "x64"
      ],
      "optional": true,
      "os": [
        "win32"
      ]
    }
  }
}
